
Microsoft Visual Studio Solution File, Format Version 12.00
Project("{FAE04EC0-301F-11D3-BF4B-00C04F79EFBC}") = "Lab9", "Lab9.csproj", "{18C4A077-7660-4C17-B714-23E631E6D689}"
EndProject
Global
	GlobalSection(SolutionConfigurationPlatforms) = preSolution
		Debug|Any CPU = Debug|Any CPU
		Release|Any CPU = Release|Any CPU
	EndGlobalSection
	GlobalSection(ProjectConfigurationPlatforms) = postSolution
		{18C4A077-7660-4C17-B714-23E631E6D689}.Debug|Any CPU.ActiveCfg = Debug|Any CPU
		{18C4A077-7660-4C17-B714-23E631E6D689}.Debug|Any CPU.Build.0 = Debug|Any CPU
		{18C4A077-7660-4C17-B714-23E631E6D689}.Release|Any CPU.ActiveCfg = Release|Any CPU
		{18C4A077-7660-4C17-B714-23E631E6D689}.Release|Any CPU.Build.0 = Release|Any CPU
	EndGlobalSection
EndGlobal
